{
    "version": "0.5",
    "requires": [
        "zziplib/0.13.78#a702ebdfc849d51f40651cfd8010aecb%1731001362.409",
        "zlib/1.3.2#1cb806da49011867778ffb6ac7190fcb%1777558780.503",
        "xz_utils/5.8.3#a8432fead347c69d8b2737c35f936132%1775752656.4",
        "socketw/3.11.0@anotherfoxguy/stable#6630840d3f73fb6d6e60f6f88132d40a%1787780136.4426482",
        "rapidjson/cci.20211112#0e610cba48da9ecd145a5f74afbe1607%1705070241.583",
        "pugixml/1.16#aa265531e325d44acf11ae7903ec9410%1782305323.685",
        "openssl/3.6.3#a81313131c78c6414f25b5fe0a83204b%1783446193.901",
        "openjpeg/2.5.2#6f7b733e151d1bbf5ed05cbabb846828%1709653017.024",
        "openexr/2.5.7#191290b5cb7da90a05ed351fae29d9c4%1720516145.62",
        "openal-soft/1.24.3#0f2e117218b8294276a3c56fa57d3bec%1784044713.923",
        "ois/1.5.1#d5025190ec611a8e0851cb16a07437a2%1688809391.803",
        "ogre3d-pagedgeometry/1.2.0@anotherfoxguy/stable#6783ec248fbac230d4b21959d4ad87d9%1787780114.0626419",
        "ogre3d-caelum/0.6.3.1@anotherfoxguy/stable#d2fc9d33a6cb5ffefc8e80033e246cc7%1787780114.06261",
        "ogre3d/1.11.6.1@anotherfoxguy/stable#49bf28ca81e5f1d7c9aba93095ae9a82%1787780090.815238",
        "mygui/3.4.0@anotherfoxguy/stable#d544e344e389c9b287124fea8b567d01%1787780136.932402",
        "libwebp/1.6.0#eb5f8e35fc95980e32b5544a33a270b4%1754386366.205",
        "libtiff/4.6.0#61cbca1281f1ac78681dbd3b0eaf2026%1783597166.079",
        "libraw/0.20.2#ce19752ee79b6b1e23b3bcb567ba4831%1765533800.922",
        "libpng/1.6.58#19cb72905ae54f54948401f753faa2c1%1776606503.628",
        "libjpeg/9e#41e2469373bb9d9a678c8aaf2af326f0%1780476340.043",
        "libcurl/8.2.1#3b6103c90eeb20e92a706cbf2dc0c04a%1745508829.85",
        "lcms/2.19.1#a6579472795f0cd5578ff9f6511f8b80%1783337105.374",
        "jxrlib/cci.20170615#576979230d06d6cc445342b2731b517f%1741857141.178",
        "jasper/4.2.4#694a46302082de14f5af08d15d959dc6%1769596777.807",
        "freetype/2.14.3#4ee27b7918b546a96d7e6898e3a02b34%1774443541.191",
        "freeimage/3.18.0@anotherfoxguy/stable#8b69961fa00ad36b37d77dd40502fcbf%1787780136.690905",
        "fmt/12.1.0#6baf0fb8351783472b94ee6e36232391%1785754553.994",
        "discord-rpc/3.4.0@anotherfoxguy/stable#a2905f22ab84faeceebe54e488ff9195%1787780136.196765",
        "bzip2/1.0.8#c470882369c2d95c5c77e970c0c7e321%1762886692.465",
        "brotli/1.1.0#3f631ef77008f7b5eb388780116371a3%1764862343.045",
        "angelscript/2.38.0#8c9b8d736d0176a6e69c64a4501eeeb1%1755270102.651"
    ],
    "build_requires": [
        "strawberryperl/5.32.1.1#8d114504d172cfea8ea1662d09b6333e%1751971032.423",
        "pkgconf/2.5.1#93c2051284cba1279494a43a4fcfeae2%1757684701.089",
        "ninja/1.13.2#c8c5dc2a52ed6e4e42a66d75b4717ceb%1764096931.974",
        "nasm/2.16.01#31e26f2ee3c4346ecd347911bd126904%1745483323.489",
        "meson/1.10.2#9d2d10681fe7fe61c788c58626c89b25%1775558003.754",
        "cmake/4.4.2#8a0d360635c870b1d5c675489ee25074%1786458127.662",
        "cmake/3.31.12#173a926abc2b77f03c826b6fd6539426%1779785723.158"
    ],
    "python_requires": [],
    "overrides": {
        "ogre3d/1.11.6.1@anotherfoxguy/stable#49bf28ca81e5f1d7c9aba93095ae9a82": [
            null,
            "ogre3d/1.11.6.1@anotherfoxguy/stable#49bf28ca81e5f1d7c9aba93095ae9a82"
        ],
        "rapidjson/cci.20230929": [
            "rapidjson/cci.20211112"
        ],
        "openssl/[>=1.1 <4]": [
            "openssl/3.6.3"
        ],
        "zlib/[>=1.2.11 <2]": [
            "zlib/1.3.2"
        ],
        "ogre3d/[>=1 <15]@anotherfoxguy/stable": [
            "ogre3d/1.11.6.1@anotherfoxguy/stable#49bf28ca81e5f1d7c9aba93095ae9a82"
        ],
        "zlib/1.3": [
            "zlib/1.3.2#1cb806da49011867778ffb6ac7190fcb"
        ],
        "zziplib/0.13.78#a702ebdfc849d51f40651cfd8010aecb": [
            "zziplib/0.13.78#a702ebdfc849d51f40651cfd8010aecb"
        ],
        "zlib/1.3.2#1cb806da49011867778ffb6ac7190fcb": [
            "zlib/1.3.2#1cb806da49011867778ffb6ac7190fcb"
        ],
        "libpng/[>=1.6 <2]": [
            "libpng/1.6.58"
        ],
        "zlib/[>=1.2.10 <2]": [
            "zlib/1.3.2#1cb806da49011867778ffb6ac7190fcb"
        ],
        "libwebp/1.3.2": [
            "libwebp/1.6.0"
        ],
        "jasper/[>=4.0.0 <5]": [
            "jasper/4.2.4"
        ],
        "openssl/3.1.2": [
            "openssl/3.6.3#a81313131c78c6414f25b5fe0a83204b"
        ]
    },
    "config_requires": []
}
